
Microsoft Visual Studio Solution File, Format Version 12.00
# Visual Studio Version 17
VisualStudioVersion = 17.0.31919.166
MinimumVisualStudioVersion = 10.0.40219.1
Project("{9A19103F-16F7-4668-BE54-9A1E7A4F7556}") = "FilRouge.Classes", "FilRouge.Data\FilRouge.Classes.csproj", "{5DFA3B9B-6115-4C29-9EE5-AC55F3D44F6E}"
EndProject
Project("{9A19103F-16F7-4668-BE54-9A1E7A4F7556}") = "FilRouge.WPFApp", "FilRouge.WPFApp\FilRouge.WPFApp.csproj", "{01124D9A-F247-4838-BEC7-A5821D601470}"
EndProject
Project("{9A19103F-16F7-4668-BE54-9A1E7A4F7556}") = "FilRouge.Repositories", "FilRouge.Domain\FilRouge.Repositories.csproj", "{A6B3B48D-03B4-46CD-A7F8-B89E14E9922F}"
EndProject
Project("{2150E333-8FDC-42A3-9474-1A3956D46DE8}") = "Solution Items", "Solution Items", "{B472652F-25F1-41CC-8B21-D162FAA3DF93}"
	ProjectSection(SolutionItems) = preProject
		.gitignore = .gitignore
		SQL_Queries.sql = SQL_Queries.sql
	EndProjectSection
EndProject
Project("{FAE04EC0-301F-11D3-BF4B-00C04F79EFBC}") = "FilRouge.API", "FilRouge.API\FilRouge.API.csproj", "{974D5790-0624-434B-B8DC-005820FC83AE}"
EndProject
Global
	GlobalSection(SolutionConfigurationPlatforms) = preSolution
		Debug|Any CPU = Debug|Any CPU
		Release|Any CPU = Release|Any CPU
	EndGlobalSection
	GlobalSection(ProjectConfigurationPlatforms) = postSolution
		{5DFA3B9B-6115-4C29-9EE5-AC55F3D44F6E}.Debug|Any CPU.ActiveCfg = Debug|Any CPU
		{5DFA3B9B-6115-4C29-9EE5-AC55F3D44F6E}.Debug|Any CPU.Build.0 = Debug|Any CPU
		{5DFA3B9B-6115-4C29-9EE5-AC55F3D44F6E}.Release|Any CPU.ActiveCfg = Release|Any CPU
		{5DFA3B9B-6115-4C29-9EE5-AC55F3D44F6E}.Release|Any CPU.Build.0 = Release|Any CPU
		{01124D9A-F247-4838-BEC7-A5821D601470}.Debug|Any CPU.ActiveCfg = Debug|Any CPU
		{01124D9A-F247-4838-BEC7-A5821D601470}.Debug|Any CPU.Build.0 = Debug|Any CPU
		{01124D9A-F247-4838-BEC7-A5821D601470}.Release|Any CPU.ActiveCfg = Release|Any CPU
		{01124D9A-F247-4838-BEC7-A5821D601470}.Release|Any CPU.Build.0 = Release|Any CPU
		{A6B3B48D-03B4-46CD-A7F8-B89E14E9922F}.Debug|Any CPU.ActiveCfg = Debug|Any CPU
		{A6B3B48D-03B4-46CD-A7F8-B89E14E9922F}.Debug|Any CPU.Build.0 = Debug|Any CPU
		{A6B3B48D-03B4-46CD-A7F8-B89E14E9922F}.Release|Any CPU.ActiveCfg = Release|Any CPU
		{A6B3B48D-03B4-46CD-A7F8-B89E14E9922F}.Release|Any CPU.Build.0 = Release|Any CPU
		{974D5790-0624-434B-B8DC-005820FC83AE}.Debug|Any CPU.ActiveCfg = Debug|Any CPU
		{974D5790-0624-434B-B8DC-005820FC83AE}.Debug|Any CPU.Build.0 = Debug|Any CPU
		{974D5790-0624-434B-B8DC-005820FC83AE}.Release|Any CPU.ActiveCfg = Release|Any CPU
		{974D5790-0624-434B-B8DC-005820FC83AE}.Release|Any CPU.Build.0 = Release|Any CPU
	EndGlobalSection
	GlobalSection(SolutionProperties) = preSolution
		HideSolutionNode = FALSE
	EndGlobalSection
	GlobalSection(ExtensibilityGlobals) = postSolution
		SolutionGuid = {622C024D-D20E-4BDB-A708-E3C4CDC3ABAD}
	EndGlobalSection
EndGlobal
